
Microsoft Visual Studio Solution File, Format Version 12.00
# Visual Studio 15
VisualStudioVersion = 15.0.26730.12
MinimumVisualStudioVersion = 10.0.40219.1
Project("{FAE04EC0-301F-11D3-BF4B-00C04F79EFBC}") = "Microsoft.PS.LibraryCodeSamples", "Microsoft.PS.LibraryCodeSamples\Microsoft.PS.LibraryCodeSamples.csproj", "{20B25858-1B0A-4E57-8025-F11451A2F00C}"
EndProject
Project("{FAE04EC0-301F-11D3-BF4B-00C04F79EFBC}") = "Microsoft.PS.AspNetCodeSamples", "Microsoft.PS.AspNetCodeSamples\Microsoft.PS.AspNetCodeSamples.csproj", "{0F8CABB2-A450-40CD-9357-56076F302D16}"
EndProject
Global
	GlobalSection(SolutionConfigurationPlatforms) = preSolution
		Debug|Any CPU = Debug|Any CPU
		Release|Any CPU = Release|Any CPU
	EndGlobalSection
	GlobalSection(ProjectConfigurationPlatforms) = postSolution
		{20B25858-1B0A-4E57-8025-F11451A2F00C}.Debug|Any CPU.ActiveCfg = Debug|Any CPU
		{20B25858-1B0A-4E57-8025-F11451A2F00C}.Debug|Any CPU.Build.0 = Debug|Any CPU
		{20B25858-1B0A-4E57-8025-F11451A2F00C}.Release|Any CPU.ActiveCfg = Release|Any CPU
		{20B25858-1B0A-4E57-8025-F11451A2F00C}.Release|Any CPU.Build.0 = Release|Any CPU
		{0F8CABB2-A450-40CD-9357-56076F302D16}.Debug|Any CPU.ActiveCfg = Debug|Any CPU
		{0F8CABB2-A450-40CD-9357-56076F302D16}.Debug|Any CPU.Build.0 = Debug|Any CPU
		{0F8CABB2-A450-40CD-9357-56076F302D16}.Release|Any CPU.ActiveCfg = Release|Any CPU
		{0F8CABB2-A450-40CD-9357-56076F302D16}.Release|Any CPU.Build.0 = Release|Any CPU
	EndGlobalSection
	GlobalSection(SolutionProperties) = preSolution
		HideSolutionNode = FALSE
	EndGlobalSection
	GlobalSection(ExtensibilityGlobals) = postSolution
		SolutionGuid = {C5857756-CF33-4758-A1A9-440FB829AC92}
	EndGlobalSection
EndGlobal
